{
  "name": "preact-config-basic",
  "version": "1.0.0",
  "lockfileVersion": 1,
  "requires": true,
  "dependencies": {
    "preact": {
      "version": "10.2.1",
      "resolved": "https://registry.npmjs.org/preact/-/preact-10.2.1.tgz",
      "integrity": "sha512-BUNvmQcVtNElku7mYHexIiM5JlGNSW2BY9O2t9xk1NqA43O8wbE0cah6PAlvT7PBHvyDRJ5TAj5Fewdi9DqLoQ=="
    },
    "preact-dom": {
      "version": "1.0.1",
      "resolved": "https://registry.npmjs.org/preact-dom/-/preact-dom-1.0.1.tgz",
      "integrity": "sha1-Kco4HvOLrfn+J1/mIRYp6PiGfwA=",
      "requires": {
        "preact": "^3.4.0"
      },
      "dependencies": {
        "preact": {
          "version": "3.4.0",
          "resolved": "https://registry.npmjs.org/preact/-/preact-3.4.0.tgz",
          "integrity": "sha1-pShA+aINFVWzvnOZiDrktCf9nSs="
        }
      }
    }
  }
}
